// !$*UTF8*$!
{
	archiveVersion = 1;
	classes = {
	};
	objectVersion = 50;
	objects = {

/* Begin PBXBuildFile section */
		80C150CA801650810A795F0B /* Pods_Friends.framework in Frameworks */ = {isa = PBXBuildFile; fileRef = 2CD5D1C2647CDB603FDFB2E0 /* Pods_Friends.framework */; };
		BE21F5A721D0B46F0070A223 /* MainPresenter.swift in Sources */ = {isa = PBXBuildFile; fileRef = BE21F5A621D0B46F0070A223 /* MainPresenter.swift */; };
		BE21F5A921D0B4980070A223 /* BasePresenter.swift in Sources */ = {isa = PBXBuildFile; fileRef = BE21F5A821D0B4980070A223 /* BasePresenter.swift */; };
		BE21F5AC21D0B9020070A223 /* RegisterationPresenter.swift in Sources */ = {isa = PBXBuildFile; fileRef = BE21F5AB21D0B9020070A223 /* RegisterationPresenter.swift */; };
		BE21F5AE21D0BC160070A223 /* Country.swift in Sources */ = {isa = PBXBuildFile; fileRef = BE21F5AD21D0BC160070A223 /* Country.swift */; };
		BE21F5B121D0BDA00070A223 /* RegisterServices.swift in Sources */ = {isa = PBXBuildFile; fileRef = BE21F5B021D0BDA00070A223 /* RegisterServices.swift */; };
		BE21F5B321D0D0820070A223 /* RegisterModel.swift in Sources */ = {isa = PBXBuildFile; fileRef = BE21F5B221D0D0820070A223 /* RegisterModel.swift */; };
		BE21F5B521D0D08E0070A223 /* BaseModel.swift in Sources */ = {isa = PBXBuildFile; fileRef = BE21F5B421D0D08E0070A223 /* BaseModel.swift */; };
		BE65F30F217609C90011178C /* AppDelegate.swift in Sources */ = {isa = PBXBuildFile; fileRef = BE65F30E217609C90011178C /* AppDelegate.swift */; };
		BE65F311217609C90011178C /* ViewController.swift in Sources */ = {isa = PBXBuildFile; fileRef = BE65F310217609C90011178C /* ViewController.swift */; };
		BE65F314217609C90011178C /* Main.storyboard in Resources */ = {isa = PBXBuildFile; fileRef = BE65F312217609C90011178C /* Main.storyboard */; };
		BE65F316217609CC0011178C /* Assets.xcassets in Resources */ = {isa = PBXBuildFile; fileRef = BE65F315217609CC0011178C /* Assets.xcassets */; };
		BE65F319217609CC0011178C /* LaunchScreen.storyboard in Resources */ = {isa = PBXBuildFile; fileRef = BE65F317217609CC0011178C /* LaunchScreen.storyboard */; };
		BE65F33E21760A800011178C /* AudioRecorderViewController.swift in Sources */ = {isa = PBXBuildFile; fileRef = BE65F33D21760A800011178C /* AudioRecorderViewController.swift */; };
		BEBEAC4321D0FE94005E5DB7 /* AppUser.swift in Sources */ = {isa = PBXBuildFile; fileRef = BEBEAC4221D0FE94005E5DB7 /* AppUser.swift */; };
		BEBEAC4521D0FEFB005E5DB7 /* UserDefaultHandler.swift in Sources */ = {isa = PBXBuildFile; fileRef = BEBEAC4421D0FEFB005E5DB7 /* UserDefaultHandler.swift */; };
		BED2DCBB217BB70F00C510DD /* GE SS Two Bold.otf in Resources */ = {isa = PBXBuildFile; fileRef = BED2DCBA217BB70F00C510DD /* GE SS Two Bold.otf */; };
		BED2DCBF217BB8CC00C510DD /* Localizable.strings in Resources */ = {isa = PBXBuildFile; fileRef = BED2DCC1217BB8CC00C510DD /* Localizable.strings */; };
		BED2DCCB217BBD0C00C510DD /* LanguageHandler.swift in Sources */ = {isa = PBXBuildFile; fileRef = BED2DCCA217BBD0C00C510DD /* LanguageHandler.swift */; };
		BED2DCCE217BC22800C510DD /* Constans.swift in Sources */ = {isa = PBXBuildFile; fileRef = BED2DCCD217BC22800C510DD /* Constans.swift */; };
		BED2DF11217BC5BF00C510DD /* ApiLinks.swift in Sources */ = {isa = PBXBuildFile; fileRef = BED2DF0D217BC5BE00C510DD /* ApiLinks.swift */; };
		BED2DF12217BC5BF00C510DD /* RequestBuilder.swift in Sources */ = {isa = PBXBuildFile; fileRef = BED2DF0E217BC5BE00C510DD /* RequestBuilder.swift */; };
		BED2DF13217BC5BF00C510DD /* Reach.swift in Sources */ = {isa = PBXBuildFile; fileRef = BED2DF0F217BC5BE00C510DD /* Reach.swift */; };
		BED2DF14217BC5BF00C510DD /* ApiHelper.swift in Sources */ = {isa = PBXBuildFile; fileRef = BED2DF10217BC5BF00C510DD /* ApiHelper.swift */; };
		BED2DF1F217BC5DC00C510DD /* Validator.swift in Sources */ = {isa = PBXBuildFile; fileRef = BED2DF17217BC5DA00C510DD /* Validator.swift */; };
		BED2DF20217BC5DC00C510DD /* DilogeCreator.swift in Sources */ = {isa = PBXBuildFile; fileRef = BED2DF18217BC5DA00C510DD /* DilogeCreator.swift */; };
		BED2DF21217BC5DC00C510DD /* AppUtils.swift in Sources */ = {isa = PBXBuildFile; fileRef = BED2DF19217BC5DB00C510DD /* AppUtils.swift */; };
		BED2DF22217BC5DC00C510DD /* MainTableViewController.swift in Sources */ = {isa = PBXBuildFile; fileRef = BED2DF1A217BC5DB00C510DD /* MainTableViewController.swift */; };
		BED2DF23217BC5DC00C510DD /* ViewUtils.swift in Sources */ = {isa = PBXBuildFile; fileRef = BED2DF1B217BC5DB00C510DD /* ViewUtils.swift */; };
		BED2DF24217BC5DC00C510DD /* ViewControllersUtils.swift in Sources */ = {isa = PBXBuildFile; fileRef = BED2DF1C217BC5DB00C510DD /* ViewControllersUtils.swift */; };
		BED2DF25217BC5DC00C510DD /* BaseViewController.swift in Sources */ = {isa = PBXBuildFile; fileRef = BED2DF1D217BC5DC00C510DD /* BaseViewController.swift */; };
		BED2DF27217BC5E500C510DD /* CardView.swift in Sources */ = {isa = PBXBuildFile; fileRef = BED2DF26217BC5E100C510DD /* CardView.swift */; };
		BED2DF32217BD7AA00C510DD /* MainViewController.swift in Sources */ = {isa = PBXBuildFile; fileRef = BED2DF31217BD7AA00C510DD /* MainViewController.swift */; };
		BED2DF34217BD8A300C510DD /* FriendsLabel.swift in Sources */ = {isa = PBXBuildFile; fileRef = BED2DF33217BD8A300C510DD /* FriendsLabel.swift */; };
		BED2DF37217BE0E900C510DD /* FriendsButton.swift in Sources */ = {isa = PBXBuildFile; fileRef = BED2DF36217BE0E900C510DD /* FriendsButton.swift */; };
		BED2DF39217BE22800C510DD /* FriendsTextField.swift in Sources */ = {isa = PBXBuildFile; fileRef = BED2DF38217BE22800C510DD /* FriendsTextField.swift */; };
		BED2DF3C217BE67E00C510DD /* RegisterationViewController.swift in Sources */ = {isa = PBXBuildFile; fileRef = BED2DF3B217BE67E00C510DD /* RegisterationViewController.swift */; };
/* End PBXBuildFile section */

/* Begin PBXFileReference section */
		1B1E4C992A6D59B2ED7A0B75 /* Pods-FriendsTests.release.xcconfig */ = {isa = PBXFileReference; includeInIndex = 1; lastKnownFileType = text.xcconfig; name = "Pods-FriendsTests.release.xcconfig"; path = "Pods/Target Support Files/Pods-FriendsTests/Pods-FriendsTests.release.xcconfig"; sourceTree = "<group>"; };
		2CD5D1C2647CDB603FDFB2E0 /* Pods_Friends.framework */ = {isa = PBXFileReference; explicitFileType = wrapper.framework; includeInIndex = 0; path = Pods_Friends.framework; sourceTree = BUILT_PRODUCTS_DIR; };
		65EB12E86B30158A63251CFA /* Pods-Friends.release.xcconfig */ = {isa = PBXFileReference; includeInIndex = 1; lastKnownFileType = text.xcconfig; name = "Pods-Friends.release.xcconfig"; path = "Pods/Target Support Files/Pods-Friends/Pods-Friends.release.xcconfig"; sourceTree = "<group>"; };
		AB6D0E62CDFB1E7113FA9624 /* Pods-FriendsTests.debug.xcconfig */ = {isa = PBXFileReference; includeInIndex = 1; lastKnownFileType = text.xcconfig; name = "Pods-FriendsTests.debug.xcconfig"; path = "Pods/Target Support Files/Pods-FriendsTests/Pods-FriendsTests.debug.xcconfig"; sourceTree = "<group>"; };
		BE21F5A621D0B46F0070A223 /* MainPresenter.swift */ = {isa = PBXFileReference; lastKnownFileType = sourcecode.swift; path = MainPresenter.swift; sourceTree = "<group>"; };
		BE21F5A821D0B4980070A223 /* BasePresenter.swift */ = {isa = PBXFileReference; lastKnownFileType = sourcecode.swift; path = BasePresenter.swift; sourceTree = "<group>"; };
		BE21F5AB21D0B9020070A223 /* RegisterationPresenter.swift */ = {isa = PBXFileReference; lastKnownFileType = sourcecode.swift; path = RegisterationPresenter.swift; sourceTree = "<group>"; };
		BE21F5AD21D0BC160070A223 /* Country.swift */ = {isa = PBXFileReference; lastKnownFileType = sourcecode.swift; path = Country.swift; sourceTree = "<group>"; };
		BE21F5B021D0BDA00070A223 /* RegisterServices.swift */ = {isa = PBXFileReference; lastKnownFileType = sourcecode.swift; path = RegisterServices.swift; sourceTree = "<group>"; };
		BE21F5B221D0D0820070A223 /* RegisterModel.swift */ = {isa = PBXFileReference; lastKnownFileType = sourcecode.swift; path = RegisterModel.swift; sourceTree = "<group>"; };
		BE21F5B421D0D08E0070A223 /* BaseModel.swift */ = {isa = PBXFileReference; lastKnownFileType = sourcecode.swift; path = BaseModel.swift; sourceTree = "<group>"; };
		BE65F30B217609C90011178C /* Friends.app */ = {isa = PBXFileReference; explicitFileType = wrapper.application; includeInIndex = 0; path = Friends.app; sourceTree = BUILT_PRODUCTS_DIR; };
		BE65F30E217609C90011178C /* AppDelegate.swift */ = {isa = PBXFileReference; lastKnownFileType = sourcecode.swift; path = AppDelegate.swift; sourceTree = "<group>"; };
		BE65F310217609C90011178C /* ViewController.swift */ = {isa = PBXFileReference; lastKnownFileType = sourcecode.swift; path = ViewController.swift; sourceTree = "<group>"; };
		BE65F315217609CC0011178C /* Assets.xcassets */ = {isa = PBXFileReference; lastKnownFileType = folder.assetcatalog; path = Assets.xcassets; sourceTree = "<group>"; };
		BE65F318217609CC0011178C /* Base */ = {isa = PBXFileReference; lastKnownFileType = file.storyboard; name = Base; path = Base.lproj/LaunchScreen.storyboard; sourceTree = "<group>"; };
		BE65F31A217609CC0011178C /* Info.plist */ = {isa = PBXFileReference; lastKnownFileType = text.plist.xml; path = Info.plist; sourceTree = "<group>"; };
		BE65F33D21760A800011178C /* AudioRecorderViewController.swift */ = {isa = PBXFileReference; lastKnownFileType = sourcecode.swift; path = AudioRecorderViewController.swift; sourceTree = "<group>"; };
		BEBEAC4221D0FE94005E5DB7 /* AppUser.swift */ = {isa = PBXFileReference; lastKnownFileType = sourcecode.swift; path = AppUser.swift; sourceTree = "<group>"; };
		BEBEAC4421D0FEFB005E5DB7 /* UserDefaultHandler.swift */ = {isa = PBXFileReference; lastKnownFileType = sourcecode.swift; path = UserDefaultHandler.swift; sourceTree = "<group>"; };
		BEBEAC4821D107C8005E5DB7 /* Friends.entitlements */ = {isa = PBXFileReference; lastKnownFileType = text.plist.entitlements; path = Friends.entitlements; sourceTree = "<group>"; };
		BED2DCBA217BB70F00C510DD /* GE SS Two Bold.otf */ = {isa = PBXFileReference; lastKnownFileType = file; path = "GE SS Two Bold.otf"; sourceTree = "<group>"; };
		BED2DCC9217BBCDF00C510DD /* Base */ = {isa = PBXFileReference; lastKnownFileType = file.storyboard; name = Base; path = Base.lproj/Main.storyboard; sourceTree = "<group>"; };
		BED2DCCA217BBD0C00C510DD /* LanguageHandler.swift */ = {isa = PBXFileReference; lastKnownFileType = sourcecode.swift; path = LanguageHandler.swift; sourceTree = "<group>"; };
		BED2DCCC217BBF1B00C510DD /* Base */ = {isa = PBXFileReference; lastKnownFileType = text.plist.strings; name = Base; path = Base.lproj/Localizable.strings; sourceTree = "<group>"; };
		BED2DCCD217BC22800C510DD /* Constans.swift */ = {isa = PBXFileReference; lastKnownFileType = sourcecode.swift; path = Constans.swift; sourceTree = "<group>"; };
		BED2DF0D217BC5BE00C510DD /* ApiLinks.swift */ = {isa = PBXFileReference; fileEncoding = 4; lastKnownFileType = sourcecode.swift; path = ApiLinks.swift; sourceTree = "<group>"; };
		BED2DF0E217BC5BE00C510DD /* RequestBuilder.swift */ = {isa = PBXFileReference; fileEncoding = 4; lastKnownFileType = sourcecode.swift; path = RequestBuilder.swift; sourceTree = "<group>"; };
		BED2DF0F217BC5BE00C510DD /* Reach.swift */ = {isa = PBXFileReference; fileEncoding = 4; lastKnownFileType = sourcecode.swift; path = Reach.swift; sourceTree = "<group>"; };
		BED2DF10217BC5BF00C510DD /* ApiHelper.swift */ = {isa = PBXFileReference; fileEncoding = 4; lastKnownFileType = sourcecode.swift; path = ApiHelper.swift; sourceTree = "<group>"; };
		BED2DF17217BC5DA00C510DD /* Validator.swift */ = {isa = PBXFileReference; fileEncoding = 4; lastKnownFileType = sourcecode.swift; path = Validator.swift; sourceTree = "<group>"; };
		BED2DF18217BC5DA00C510DD /* DilogeCreator.swift */ = {isa = PBXFileReference; fileEncoding = 4; lastKnownFileType = sourcecode.swift; path = DilogeCreator.swift; sourceTree = "<group>"; };
		BED2DF19217BC5DB00C510DD /* AppUtils.swift */ = {isa = PBXFileReference; fileEncoding = 4; lastKnownFileType = sourcecode.swift; path = AppUtils.swift; sourceTree = "<group>"; };
		BED2DF1A217BC5DB00C510DD /* MainTableViewController.swift */ = {isa = PBXFileReference; fileEncoding = 4; lastKnownFileType = sourcecode.swift; path = MainTableViewController.swift; sourceTree = "<group>"; };
		BED2DF1B217BC5DB00C510DD /* ViewUtils.swift */ = {isa = PBXFileReference; fileEncoding = 4; lastKnownFileType = sourcecode.swift; path = ViewUtils.swift; sourceTree = "<group>"; };
		BED2DF1C217BC5DB00C510DD /* ViewControllersUtils.swift */ = {isa = PBXFileReference; fileEncoding = 4; lastKnownFileType = sourcecode.swift; path = ViewControllersUtils.swift; sourceTree = "<group>"; };
		BED2DF1D217BC5DC00C510DD /* BaseViewController.swift */ = {isa = PBXFileReference; fileEncoding = 4; lastKnownFileType = sourcecode.swift; path = BaseViewController.swift; sourceTree = "<group>"; };
		BED2DF26217BC5E100C510DD /* CardView.swift */ = {isa = PBXFileReference; fileEncoding = 4; lastKnownFileType = sourcecode.swift; path = CardView.swift; sourceTree = "<group>"; };
		BED2DF2E217BD4A900C510DD /* en */ = {isa = PBXFileReference; lastKnownFileType = text.plist.strings; name = en; path = en.lproj/LaunchScreen.strings; sourceTree = "<group>"; };
		BED2DF2F217BD55A00C510DD /* en */ = {isa = PBXFileReference; lastKnownFileType = text.plist.strings; name = en; path = en.lproj/Localizable.strings; sourceTree = "<group>"; };
		BED2DF31217BD7AA00C510DD /* MainViewController.swift */ = {isa = PBXFileReference; lastKnownFileType = sourcecode.swift; path = MainViewController.swift; sourceTree = "<group>"; };
		BED2DF33217BD8A300C510DD /* FriendsLabel.swift */ = {isa = PBXFileReference; lastKnownFileType = sourcecode.swift; path = FriendsLabel.swift; sourceTree = "<group>"; };
		BED2DF35217BDC3500C510DD /* GE SS Two Medium.otf */ = {isa = PBXFileReference; lastKnownFileType = file; path = "GE SS Two Medium.otf"; sourceTree = "<group>"; };
		BED2DF36217BE0E900C510DD /* FriendsButton.swift */ = {isa = PBXFileReference; lastKnownFileType = sourcecode.swift; path = FriendsButton.swift; sourceTree = "<group>"; };
		BED2DF38217BE22800C510DD /* FriendsTextField.swift */ = {isa = PBXFileReference; lastKnownFileType = sourcecode.swift; path = FriendsTextField.swift; sourceTree = "<group>"; };
		BED2DF3B217BE67E00C510DD /* RegisterationViewController.swift */ = {isa = PBXFileReference; lastKnownFileType = sourcecode.swift; path = RegisterationViewController.swift; sourceTree = "<group>"; };
		C061FE8EF1FD684C4FADD5ED /* Pods_FriendsTests.framework */ = {isa = PBXFileReference; explicitFileType = wrapper.framework; includeInIndex = 0; path = Pods_FriendsTests.framework; sourceTree = BUILT_PRODUCTS_DIR; };
		D0968F5DD077F3269FD3E652 /* Pods-Friends.debug.xcconfig */ = {isa = PBXFileReference; includeInIndex = 1; lastKnownFileType = text.xcconfig; name = "Pods-Friends.debug.xcconfig"; path = "Pods/Target Support Files/Pods-Friends/Pods-Friends.debug.xcconfig"; sourceTree = "<group>"; };
		DAF701A539B6D55BEF436E72 /* Pods_FriendsUITests.framework */ = {isa = PBXFileReference; explicitFileType = wrapper.framework; includeInIndex = 0; path = Pods_FriendsUITests.framework; sourceTree = BUILT_PRODUCTS_DIR; };
		F227B5BE35CA739ED2301940 /* Pods-FriendsUITests.release.xcconfig */ = {isa = PBXFileReference; includeInIndex = 1; lastKnownFileType = text.xcconfig; name = "Pods-FriendsUITests.release.xcconfig"; path = "Pods/Target Support Files/Pods-FriendsUITests/Pods-FriendsUITests.release.xcconfig"; sourceTree = "<group>"; };
		FB0C3ED48A141DA50828B160 /* Pods-FriendsUITests.debug.xcconfig */ = {isa = PBXFileReference; includeInIndex = 1; lastKnownFileType = text.xcconfig; name = "Pods-FriendsUITests.debug.xcconfig"; path = "Pods/Target Support Files/Pods-FriendsUITests/Pods-FriendsUITests.debug.xcconfig"; sourceTree = "<group>"; };
/* End PBXFileReference section */

/* Begin PBXFrameworksBuildPhase section */
		BE65F308217609C90011178C /* Frameworks */ = {
			isa = PBXFrameworksBuildPhase;
			buildActionMask = 2147483647;
			files = (
				80C150CA801650810A795F0B /* Pods_Friends.framework in Frameworks */,
			);
			runOnlyForDeploymentPostprocessing = 0;
		};
/* End PBXFrameworksBuildPhase section */

/* Begin PBXGroup section */
		654D6AF099EB8600936DEC76 /* Frameworks */ = {
			isa = PBXGroup;
			children = (
				2CD5D1C2647CDB603FDFB2E0 /* Pods_Friends.framework */,
				C061FE8EF1FD684C4FADD5ED /* Pods_FriendsTests.framework */,
				DAF701A539B6D55BEF436E72 /* Pods_FriendsUITests.framework */,
			);
			name = Frameworks;
			sourceTree = "<group>";
		};
		BE21F5A521D0B4400070A223 /* mainViewController */ = {
			isa = PBXGroup;
			children = (
				BED2DF31217BD7AA00C510DD /* MainViewController.swift */,
				BE21F5A621D0B46F0070A223 /* MainPresenter.swift */,
			);
			path = mainViewController;
			sourceTree = "<group>";
		};
		BE21F5AA21D0B5030070A223 /* Model */ = {
			isa = PBXGroup;
			children = (
				BE21F5AD21D0BC160070A223 /* Country.swift */,
				BE21F5B221D0D0820070A223 /* RegisterModel.swift */,
				BE21F5B421D0D08E0070A223 /* BaseModel.swift */,
				BEBEAC4221D0FE94005E5DB7 /* AppUser.swift */,
			);
			path = Model;
			sourceTree = "<group>";
		};
		BE21F5AF21D0BD810070A223 /* Services */ = {
			isa = PBXGroup;
			children = (
				BE21F5B021D0BDA00070A223 /* RegisterServices.swift */,
			);
			path = Services;
			sourceTree = "<group>";
		};
		BE65F302217609C90011178C = {
			isa = PBXGroup;
			children = (
				BE65F30D217609C90011178C /* Friends */,
				BE65F30C217609C90011178C /* Products */,
				D32ECBC192C785BD89F41DF9 /* Pods */,
				654D6AF099EB8600936DEC76 /* Frameworks */,
			);
			sourceTree = "<group>";
		};
		BE65F30C217609C90011178C /* Products */ = {
			isa = PBXGroup;
			children = (
				BE65F30B217609C90011178C /* Friends.app */,
			);
			name = Products;
			sourceTree = "<group>";
		};
		BE65F30D217609C90011178C /* Friends */ = {
			isa = PBXGroup;
			children = (
				BEBEAC4821D107C8005E5DB7 /* Friends.entitlements */,
				BED2DCCF217BC4A300C510DD /* common */,
				BE65F33C21760A6A0011178C /* Recorder */,
				BED2DF30217BD79400C510DD /* presentation */,
				BE65F30E217609C90011178C /* AppDelegate.swift */,
				BE65F312217609C90011178C /* Main.storyboard */,
				BE65F315217609CC0011178C /* Assets.xcassets */,
				BE65F317217609CC0011178C /* LaunchScreen.storyboard */,
				BE65F31A217609CC0011178C /* Info.plist */,
			);
			path = Friends;
			sourceTree = "<group>";
		};
		BE65F33C21760A6A0011178C /* Recorder */ = {
			isa = PBXGroup;
			children = (
				BE65F310217609C90011178C /* ViewController.swift */,
				BE65F33D21760A800011178C /* AudioRecorderViewController.swift */,
			);
			path = Recorder;
			sourceTree = "<group>";
		};
		BED2DCB9217BB6EF00C510DD /* resources */ = {
			isa = PBXGroup;
			children = (
				BED2DCBA217BB70F00C510DD /* GE SS Two Bold.otf */,
				BED2DF35217BDC3500C510DD /* GE SS Two Medium.otf */,
			);
			path = resources;
			sourceTree = "<group>";
		};
		BED2DCBC217BB88700C510DD /* utils */ = {
			isa = PBXGroup;
			children = (
				BED2DCB9217BB6EF00C510DD /* resources */,
				BED2DCC1217BB8CC00C510DD /* Localizable.strings */,
				BED2DCCA217BBD0C00C510DD /* LanguageHandler.swift */,
				BED2DCCD217BC22800C510DD /* Constans.swift */,
				BEBEAC4421D0FEFB005E5DB7 /* UserDefaultHandler.swift */,
			);
			path = utils;
			sourceTree = "<group>";
		};
		BED2DCCF217BC4A300C510DD /* common */ = {
			isa = PBXGroup;
			children = (
				BE21F5AF21D0BD810070A223 /* Services */,
				BE21F5AA21D0B5030070A223 /* Model */,
				BED2DCBC217BB88700C510DD /* utils */,
				BED2DF15217BC5CA00C510DD /* ui */,
				BED2DF0C217BC5AE00C510DD /* Network */,
			);
			path = common;
			sourceTree = "<group>";
		};
		BED2DF0C217BC5AE00C510DD /* Network */ = {
			isa = PBXGroup;
			children = (
				BED2DF10217BC5BF00C510DD /* ApiHelper.swift */,
				BED2DF0D217BC5BE00C510DD /* ApiLinks.swift */,
				BED2DF0F217BC5BE00C510DD /* Reach.swift */,
				BED2DF0E217BC5BE00C510DD /* RequestBuilder.swift */,
				BE21F5A821D0B4980070A223 /* BasePresenter.swift */,
			);
			path = Network;
			sourceTree = "<group>";
		};
		BED2DF15217BC5CA00C510DD /* ui */ = {
			isa = PBXGroup;
			children = (
				BED2DF19217BC5DB00C510DD /* AppUtils.swift */,
				BED2DF18217BC5DA00C510DD /* DilogeCreator.swift */,
				BED2DF1A217BC5DB00C510DD /* MainTableViewController.swift */,
				BED2DF1D217BC5DC00C510DD /* BaseViewController.swift */,
				BED2DF26217BC5E100C510DD /* CardView.swift */,
				BED2DF17217BC5DA00C510DD /* Validator.swift */,
				BED2DF1C217BC5DB00C510DD /* ViewControllersUtils.swift */,
				BED2DF1B217BC5DB00C510DD /* ViewUtils.swift */,
				BED2DF33217BD8A300C510DD /* FriendsLabel.swift */,
				BED2DF36217BE0E900C510DD /* FriendsButton.swift */,
				BED2DF38217BE22800C510DD /* FriendsTextField.swift */,
			);
			path = ui;
			sourceTree = "<group>";
		};
		BED2DF30217BD79400C510DD /* presentation */ = {
			isa = PBXGroup;
			children = (
				BED2DF3A217BE65B00C510DD /* main */,
			);
			path = presentation;
			sourceTree = "<group>";
		};
		BED2DF3A217BE65B00C510DD /* main */ = {
			isa = PBXGroup;
			children = (
				BE21F5A521D0B4400070A223 /* mainViewController */,
				BED2DF3B217BE67E00C510DD /* RegisterationViewController.swift */,
				BE21F5AB21D0B9020070A223 /* RegisterationPresenter.swift */,
			);
			path = main;
			sourceTree = "<group>";
		};
		D32ECBC192C785BD89F41DF9 /* Pods */ = {
			isa = PBXGroup;
			children = (
				D0968F5DD077F3269FD3E652 /* Pods-Friends.debug.xcconfig */,
				65EB12E86B30158A63251CFA /* Pods-Friends.release.xcconfig */,
				AB6D0E62CDFB1E7113FA9624 /* Pods-FriendsTests.debug.xcconfig */,
				1B1E4C992A6D59B2ED7A0B75 /* Pods-FriendsTests.release.xcconfig */,
				FB0C3ED48A141DA50828B160 /* Pods-FriendsUITests.debug.xcconfig */,
				F227B5BE35CA739ED2301940 /* Pods-FriendsUITests.release.xcconfig */,
			);
			name = Pods;
			sourceTree = "<group>";
		};
/* End PBXGroup section */

/* Begin PBXNativeTarget section */
		BE65F30A217609C90011178C /* Friends */ = {
			isa = PBXNativeTarget;
			buildConfigurationList = BE65F333217609CC0011178C /* Build configuration list for PBXNativeTarget "Friends" */;
			buildPhases = (
				52FB203263D7B59726EC39BE /* [CP] Check Pods Manifest.lock */,
				BE65F307217609C90011178C /* Sources */,
				BE65F308217609C90011178C /* Frameworks */,
				BE65F309217609C90011178C /* Resources */,
				701F1837D59DE03507CD2456 /* [CP] Embed Pods Frameworks */,
			);
			buildRules = (
			);
			dependencies = (
			);
			name = Friends;
			productName = Friends;
			productReference = BE65F30B217609C90011178C /* Friends.app */;
			productType = "com.apple.product-type.application";
		};
/* End PBXNativeTarget section */

/* Begin PBXProject section */
		BE65F303217609C90011178C /* Project object */ = {
			isa = PBXProject;
			attributes = {
				LastSwiftUpdateCheck = 0940;
				LastUpgradeCheck = 0940;
				ORGANIZATIONNAME = "Ahmed Nasser";
				TargetAttributes = {
					BE65F30A217609C90011178C = {
						CreatedOnToolsVersion = 9.4.1;
						SystemCapabilities = {
							com.apple.Keychain = {
								enabled = 1;
							};
						};
					};
				};
			};
			buildConfigurationList = BE65F306217609C90011178C /* Build configuration list for PBXProject "Friends" */;
			compatibilityVersion = "Xcode 9.3";
			developmentRegion = ar;
			hasScannedForEncodings = 0;
			knownRegions = (
				Base,
				ar,
				en,
			);
			mainGroup = BE65F302217609C90011178C;
			productRefGroup = BE65F30C217609C90011178C /* Products */;
			projectDirPath = "";
			projectRoot = "";
			targets = (
				BE65F30A217609C90011178C /* Friends */,
			);
		};
/* End PBXProject section */

/* Begin PBXResourcesBuildPhase section */
		BE65F309217609C90011178C /* Resources */ = {
			isa = PBXResourcesBuildPhase;
			buildActionMask = 2147483647;
			files = (
				BED2DCBF217BB8CC00C510DD /* Localizable.strings in Resources */,
				BE65F319217609CC0011178C /* LaunchScreen.storyboard in Resources */,
				BE65F316217609CC0011178C /* Assets.xcassets in Resources */,
				BED2DCBB217BB70F00C510DD /* GE SS Two Bold.otf in Resources */,
				BE65F314217609C90011178C /* Main.storyboard in Resources */,
			);
			runOnlyForDeploymentPostprocessing = 0;
		};
/* End PBXResourcesBuildPhase section */

/* Begin PBXShellScriptBuildPhase section */
		52FB203263D7B59726EC39BE /* [CP] Check Pods Manifest.lock */ = {
			isa = PBXShellScriptBuildPhase;
			buildActionMask = 2147483647;
			files = (
			);
			inputPaths = (
				"${PODS_PODFILE_DIR_PATH}/Podfile.lock",
				"${PODS_ROOT}/Manifest.lock",
			);
			name = "[CP] Check Pods Manifest.lock";
			outputPaths = (
				"$(DERIVED_FILE_DIR)/Pods-Friends-checkManifestLockResult.txt",
			);
			runOnlyForDeploymentPostprocessing = 0;
			shellPath = /bin/sh;
			shellScript = "diff \"${PODS_PODFILE_DIR_PATH}/Podfile.lock\" \"${PODS_ROOT}/Manifest.lock\" > /dev/null\nif [ $? != 0 ] ; then\n    # print error to STDERR\n    echo \"error: The sandbox is not in sync with the Podfile.lock. Run 'pod install' or update your CocoaPods installation.\" >&2\n    exit 1\nfi\n# This output is used by Xcode 'outputs' to avoid re-running this script phase.\necho \"SUCCESS\" > \"${SCRIPT_OUTPUT_FILE_0}\"\n";
			showEnvVarsInLog = 0;
		};
		701F1837D59DE03507CD2456 /* [CP] Embed Pods Frameworks */ = {
			isa = PBXShellScriptBuildPhase;
			buildActionMask = 2147483647;
			files = (
			);
			inputPaths = (
				"${SRCROOT}/Pods/Target Support Files/Pods-Friends/Pods-Friends-frameworks.sh",
				"${BUILT_PRODUCTS_DIR}/Alamofire/Alamofire.framework",
				"${BUILT_PRODUCTS_DIR}/BEMCheckBox/BEMCheckBox.framework",
				"${BUILT_PRODUCTS_DIR}/Bolts/Bolts.framework",
				"${BUILT_PRODUCTS_DIR}/FBSDKCoreKit/FBSDKCoreKit.framework",
				"${BUILT_PRODUCTS_DIR}/FBSDKLoginKit/FBSDKLoginKit.framework",
				"${BUILT_PRODUCTS_DIR}/IQKeyboardManagerSwift/IQKeyboardManagerSwift.framework",
				"${BUILT_PRODUCTS_DIR}/KeychainAccess/KeychainAccess.framework",
				"${BUILT_PRODUCTS_DIR}/ObjectMapper/ObjectMapper.framework",
				"${BUILT_PRODUCTS_DIR}/PKHUD/PKHUD.framework",
				"${BUILT_PRODUCTS_DIR}/PickerView/PickerView.framework",
				"${BUILT_PRODUCTS_DIR}/SDWebImage/SDWebImage.framework",
				"${BUILT_PRODUCTS_DIR}/SwiftGifOrigin/SwiftGifOrigin.framework",
				"${BUILT_PRODUCTS_DIR}/SwiftyJSON/SwiftyJSON.framework",
				"${BUILT_PRODUCTS_DIR}/UIColor_Hex_Swift/UIColor_Hex_Swift.framework",
				"${BUILT_PRODUCTS_DIR}/XLPagerTabStrip/XLPagerTabStrip.framework",
			);
			name = "[CP] Embed Pods Frameworks";
			outputPaths = (
				"${TARGET_BUILD_DIR}/${FRAMEWORKS_FOLDER_PATH}/Alamofire.framework",
				"${TARGET_BUILD_DIR}/${FRAMEWORKS_FOLDER_PATH}/BEMCheckBox.framework",
				"${TARGET_BUILD_DIR}/${FRAMEWORKS_FOLDER_PATH}/Bolts.framework",
				"${TARGET_BUILD_DIR}/${FRAMEWORKS_FOLDER_PATH}/FBSDKCoreKit.framework",
				"${TARGET_BUILD_DIR}/${FRAMEWORKS_FOLDER_PATH}/FBSDKLoginKit.framework",
				"${TARGET_BUILD_DIR}/${FRAMEWORKS_FOLDER_PATH}/IQKeyboardManagerSwift.framework",
				"${TARGET_BUILD_DIR}/${FRAMEWORKS_FOLDER_PATH}/KeychainAccess.framework",
				"${TARGET_BUILD_DIR}/${FRAMEWORKS_FOLDER_PATH}/ObjectMapper.framework",
				"${TARGET_BUILD_DIR}/${FRAMEWORKS_FOLDER_PATH}/PKHUD.framework",
				"${TARGET_BUILD_DIR}/${FRAMEWORKS_FOLDER_PATH}/PickerView.framework",
				"${TARGET_BUILD_DIR}/${FRAMEWORKS_FOLDER_PATH}/SDWebImage.framework",
				"${TARGET_BUILD_DIR}/${FRAMEWORKS_FOLDER_PATH}/SwiftGifOrigin.framework",
				"${TARGET_BUILD_DIR}/${FRAMEWORKS_FOLDER_PATH}/SwiftyJSON.framework",
				"${TARGET_BUILD_DIR}/${FRAMEWORKS_FOLDER_PATH}/UIColor_Hex_Swift.framework",
				"${TARGET_BUILD_DIR}/${FRAMEWORKS_FOLDER_PATH}/XLPagerTabStrip.framework",
			);
			runOnlyForDeploymentPostprocessing = 0;
			shellPath = /bin/sh;
			shellScript = "\"${SRCROOT}/Pods/Target Support Files/Pods-Friends/Pods-Friends-frameworks.sh\"\n";
			showEnvVarsInLog = 0;
		};
/* End PBXShellScriptBuildPhase section */

/* Begin PBXSourcesBuildPhase section */
		BE65F307217609C90011178C /* Sources */ = {
			isa = PBXSourcesBuildPhase;
			buildActionMask = 2147483647;
			files = (
				BED2DF12217BC5BF00C510DD /* RequestBuilder.swift in Sources */,
				BE21F5A921D0B4980070A223 /* BasePresenter.swift in Sources */,
				BED2DF13217BC5BF00C510DD /* Reach.swift in Sources */,
				BE65F311217609C90011178C /* ViewController.swift in Sources */,
				BE21F5AE21D0BC160070A223 /* Country.swift in Sources */,
				BED2DF21217BC5DC00C510DD /* AppUtils.swift in Sources */,
				BED2DF39217BE22800C510DD /* FriendsTextField.swift in Sources */,
				BED2DF14217BC5BF00C510DD /* ApiHelper.swift in Sources */,
				BE21F5B321D0D0820070A223 /* RegisterModel.swift in Sources */,
				BED2DF37217BE0E900C510DD /* FriendsButton.swift in Sources */,
				BE65F33E21760A800011178C /* AudioRecorderViewController.swift in Sources */,
				BED2DF22217BC5DC00C510DD /* MainTableViewController.swift in Sources */,
				BED2DF25217BC5DC00C510DD /* BaseViewController.swift in Sources */,
				BED2DF1F217BC5DC00C510DD /* Validator.swift in Sources */,
				BED2DF24217BC5DC00C510DD /* ViewControllersUtils.swift in Sources */,
				BEBEAC4521D0FEFB005E5DB7 /* UserDefaultHandler.swift in Sources */,
				BED2DF27217BC5E500C510DD /* CardView.swift in Sources */,
				BEBEAC4321D0FE94005E5DB7 /* AppUser.swift in Sources */,
				BED2DF3C217BE67E00C510DD /* RegisterationViewController.swift in Sources */,
				BE21F5B521D0D08E0070A223 /* BaseModel.swift in Sources */,
				BED2DF34217BD8A300C510DD /* FriendsLabel.swift in Sources */,
				BED2DF20217BC5DC00C510DD /* DilogeCreator.swift in Sources */,
				BED2DCCE217BC22800C510DD /* Constans.swift in Sources */,
				BE21F5AC21D0B9020070A223 /* RegisterationPresenter.swift in Sources */,
				BED2DCCB217BBD0C00C510DD /* LanguageHandler.swift in Sources */,
				BE21F5A721D0B46F0070A223 /* MainPresenter.swift in Sources */,
				BED2DF23217BC5DC00C510DD /* ViewUtils.swift in Sources */,
				BE21F5B121D0BDA00070A223 /* RegisterServices.swift in Sources */,
				BED2DF32217BD7AA00C510DD /* MainViewController.swift in Sources */,
				BED2DF11217BC5BF00C510DD /* ApiLinks.swift in Sources */,
				BE65F30F217609C90011178C /* AppDelegate.swift in Sources */,
			);
			runOnlyForDeploymentPostprocessing = 0;
		};
/* End PBXSourcesBuildPhase section */

/* Begin PBXVariantGroup section */
		BE65F312217609C90011178C /* Main.storyboard */ = {
			isa = PBXVariantGroup;
			children = (
				BED2DCC9217BBCDF00C510DD /* Base */,
			);
			name = Main.storyboard;
			sourceTree = "<group>";
		};
		BE65F317217609CC0011178C /* LaunchScreen.storyboard */ = {
			isa = PBXVariantGroup;
			children = (
				BE65F318217609CC0011178C /* Base */,
				BED2DF2E217BD4A900C510DD /* en */,
			);
			name = LaunchScreen.storyboard;
			sourceTree = "<group>";
		};
		BED2DCC1217BB8CC00C510DD /* Localizable.strings */ = {
			isa = PBXVariantGroup;
			children = (
				BED2DCCC217BBF1B00C510DD /* Base */,
				BED2DF2F217BD55A00C510DD /* en */,
			);
			name = Localizable.strings;
			sourceTree = "<group>";
		};
/* End PBXVariantGroup section */

/* Begin XCBuildConfiguration section */
		BE65F331217609CC0011178C /* Debug */ = {
			isa = XCBuildConfiguration;
			buildSettings = {
				ALWAYS_SEARCH_USER_PATHS = NO;
				CLANG_ANALYZER_LOCALIZABILITY_NONLOCALIZED = YES;
				CLANG_ANALYZER_NONNULL = YES;
				CLANG_ANALYZER_NUMBER_OBJECT_CONVERSION = YES_AGGRESSIVE;
				CLANG_CXX_LANGUAGE_STANDARD = "gnu++14";
				CLANG_CXX_LIBRARY = "libc++";
				CLANG_ENABLE_MODULES = YES;
				CLANG_ENABLE_OBJC_ARC = YES;
				CLANG_ENABLE_OBJC_WEAK = YES;
				CLANG_WARN_BLOCK_CAPTURE_AUTORELEASING = YES;
				CLANG_WARN_BOOL_CONVERSION = YES;
				CLANG_WARN_COMMA = YES;
				CLANG_WARN_CONSTANT_CONVERSION = YES;
				CLANG_WARN_DEPRECATED_OBJC_IMPLEMENTATIONS = YES;
				CLANG_WARN_DIRECT_OBJC_ISA_USAGE = YES_ERROR;
				CLANG_WARN_DOCUMENTATION_COMMENTS = YES;
				CLANG_WARN_EMPTY_BODY = YES;
				CLANG_WARN_ENUM_CONVERSION = YES;
				CLANG_WARN_INFINITE_RECURSION = YES;
				CLANG_WARN_INT_CONVERSION = YES;
				CLANG_WARN_NON_LITERAL_NULL_CONVERSION = YES;
				CLANG_WARN_OBJC_IMPLICIT_RETAIN_SELF = YES;
				CLANG_WARN_OBJC_LITERAL_CONVERSION = YES;
				CLANG_WARN_OBJC_ROOT_CLASS = YES_ERROR;
				CLANG_WARN_RANGE_LOOP_ANALYSIS = YES;
				CLANG_WARN_STRICT_PROTOTYPES = YES;
				CLANG_WARN_SUSPICIOUS_MOVE = YES;
				CLANG_WARN_UNGUARDED_AVAILABILITY = YES_AGGRESSIVE;
				CLANG_WARN_UNREACHABLE_CODE = YES;
				CLANG_WARN__DUPLICATE_METHOD_MATCH = YES;
				CODE_SIGN_IDENTITY = "iPhone Developer";
				COPY_PHASE_STRIP = NO;
				DEBUG_INFORMATION_FORMAT = dwarf;
				ENABLE_STRICT_OBJC_MSGSEND = YES;
				ENABLE_TESTABILITY = YES;
				GCC_C_LANGUAGE_STANDARD = gnu11;
				GCC_DYNAMIC_NO_PIC = NO;
				GCC_NO_COMMON_BLOCKS = YES;
				GCC_OPTIMIZATION_LEVEL = 0;
				GCC_PREPROCESSOR_DEFINITIONS = (
					"DEBUG=1",
					"$(inherited)",
				);
				GCC_WARN_64_TO_32_BIT_CONVERSION = YES;
				GCC_WARN_ABOUT_RETURN_TYPE = YES_ERROR;
				GCC_WARN_UNDECLARED_SELECTOR = YES;
				GCC_WARN_UNINITIALIZED_AUTOS = YES_AGGRESSIVE;
				GCC_WARN_UNUSED_FUNCTION = YES;
				GCC_WARN_UNUSED_VARIABLE = YES;
				IPHONEOS_DEPLOYMENT_TARGET = 11.4;
				MTL_ENABLE_DEBUG_INFO = YES;
				ONLY_ACTIVE_ARCH = YES;
				SDKROOT = iphoneos;
				SWIFT_ACTIVE_COMPILATION_CONDITIONS = DEBUG;
				SWIFT_OPTIMIZATION_LEVEL = "-Onone";
			};
			name = Debug;
		};
		BE65F332217609CC0011178C /* Release */ = {
			isa = XCBuildConfiguration;
			buildSettings = {
				ALWAYS_SEARCH_USER_PATHS = NO;
				CLANG_ANALYZER_LOCALIZABILITY_NONLOCALIZED = YES;
				CLANG_ANALYZER_NONNULL = YES;
				CLANG_ANALYZER_NUMBER_OBJECT_CONVERSION = YES_AGGRESSIVE;
				CLANG_CXX_LANGUAGE_STANDARD = "gnu++14";
				CLANG_CXX_LIBRARY = "libc++";
				CLANG_ENABLE_MODULES = YES;
				CLANG_ENABLE_OBJC_ARC = YES;
				CLANG_ENABLE_OBJC_WEAK = YES;
				CLANG_WARN_BLOCK_CAPTURE_AUTORELEASING = YES;
				CLANG_WARN_BOOL_CONVERSION = YES;
				CLANG_WARN_COMMA = YES;
				CLANG_WARN_CONSTANT_CONVERSION = YES;
				CLANG_WARN_DEPRECATED_OBJC_IMPLEMENTATIONS = YES;
				CLANG_WARN_DIRECT_OBJC_ISA_USAGE = YES_ERROR;
				CLANG_WARN_DOCUMENTATION_COMMENTS = YES;
				CLANG_WARN_EMPTY_BODY = YES;
				CLANG_WARN_ENUM_CONVERSION = YES;
				CLANG_WARN_INFINITE_RECURSION = YES;
				CLANG_WARN_INT_CONVERSION = YES;
				CLANG_WARN_NON_LITERAL_NULL_CONVERSION = YES;
				CLANG_WARN_OBJC_IMPLICIT_RETAIN_SELF = YES;
				CLANG_WARN_OBJC_LITERAL_CONVERSION = YES;
				CLANG_WARN_OBJC_ROOT_CLASS = YES_ERROR;
				CLANG_WARN_RANGE_LOOP_ANALYSIS = YES;
				CLANG_WARN_STRICT_PROTOTYPES = YES;
				CLANG_WARN_SUSPICIOUS_MOVE = YES;
				CLANG_WARN_UNGUARDED_AVAILABILITY = YES_AGGRESSIVE;
				CLANG_WARN_UNREACHABLE_CODE = YES;
				CLANG_WARN__DUPLICATE_METHOD_MATCH = YES;
				CODE_SIGN_IDENTITY = "iPhone Developer";
				COPY_PHASE_STRIP = NO;
				DEBUG_INFORMATION_FORMAT = "dwarf-with-dsym";
				ENABLE_NS_ASSERTIONS = NO;
				ENABLE_STRICT_OBJC_MSGSEND = YES;
				GCC_C_LANGUAGE_STANDARD = gnu11;
				GCC_NO_COMMON_BLOCKS = YES;
				GCC_WARN_64_TO_32_BIT_CONVERSION = YES;
				GCC_WARN_ABOUT_RETURN_TYPE = YES_ERROR;
				GCC_WARN_UNDECLARED_SELECTOR = YES;
				GCC_WARN_UNINITIALIZED_AUTOS = YES_AGGRESSIVE;
				GCC_WARN_UNUSED_FUNCTION = YES;
				GCC_WARN_UNUSED_VARIABLE = YES;
				IPHONEOS_DEPLOYMENT_TARGET = 11.4;
				MTL_ENABLE_DEBUG_INFO = NO;
				SDKROOT = iphoneos;
				SWIFT_COMPILATION_MODE = wholemodule;
				SWIFT_OPTIMIZATION_LEVEL = "-O";
				VALIDATE_PRODUCT = YES;
			};
			name = Release;
		};
		BE65F334217609CC0011178C /* Debug */ = {
			isa = XCBuildConfiguration;
			baseConfigurationReference = D0968F5DD077F3269FD3E652 /* Pods-Friends.debug.xcconfig */;
			buildSettings = {
				ASSETCATALOG_COMPILER_APPICON_NAME = AppIcon;
				CODE_SIGN_ENTITLEMENTS = Friends/Friends.entitlements;
				CODE_SIGN_STYLE = Automatic;
				DEVELOPMENT_TEAM = 959HZ67CJ8;
				INFOPLIST_FILE = Friends/Info.plist;
				IPHONEOS_DEPLOYMENT_TARGET = 11.0;
				LD_RUNPATH_SEARCH_PATHS = (
					"$(inherited)",
					"@executable_path/Frameworks",
				);
				OTHER_LDFLAGS = (
					"$(inherited)",
					"-framework",
					"\"Alamofire\"",
					"-framework",
					"\"BEMCheckBox\"",
					"-framework",
					"\"IQKeyboardManagerSwift\"",
					"-framework",
					"\"KeychainAccess\"",
					"-framework",
					"\"PKHUD\"",
					"-framework",
					"\"PickerView\"",
					"-framework",
					"\"SDWebImage\"",
					"-framework",
					"\"SwiftGifOrigin\"",
					"-framework",
					"\"SwiftyJSON\"",
					"-framework",
					"\"UIColor_Hex_Swift\"",
					"-framework",
					"\"XLPagerTabStrip\"",
					"-ObjC",
				);
				PRODUCT_BUNDLE_IDENTIFIER = com.FriendsChatting.App;
				PRODUCT_NAME = "$(TARGET_NAME)";
				SWIFT_VERSION = 4.0;
				TARGETED_DEVICE_FAMILY = "1,2";
			};
			name = Debug;
		};
		BE65F335217609CC0011178C /* Release */ = {
			isa = XCBuildConfiguration;
			baseConfigurationReference = 65EB12E86B30158A63251CFA /* Pods-Friends.release.xcconfig */;
			buildSettings = {
				ASSETCATALOG_COMPILER_APPICON_NAME = AppIcon;
				CODE_SIGN_ENTITLEMENTS = Friends/Friends.entitlements;
				CODE_SIGN_STYLE = Automatic;
				DEVELOPMENT_TEAM = 959HZ67CJ8;
				INFOPLIST_FILE = Friends/Info.plist;
				IPHONEOS_DEPLOYMENT_TARGET = 11.0;
				LD_RUNPATH_SEARCH_PATHS = (
					"$(inherited)",
					"@executable_path/Frameworks",
				);
				OTHER_LDFLAGS = (
					"$(inherited)",
					"-framework",
					"\"Alamofire\"",
					"-framework",
					"\"BEMCheckBox\"",
					"-framework",
					"\"IQKeyboardManagerSwift\"",
					"-framework",
					"\"KeychainAccess\"",
					"-framework",
					"\"PKHUD\"",
					"-framework",
					"\"PickerView\"",
					"-framework",
					"\"SDWebImage\"",
					"-framework",
					"\"SwiftGifOrigin\"",
					"-framework",
					"\"SwiftyJSON\"",
					"-framework",
					"\"UIColor_Hex_Swift\"",
					"-framework",
					"\"XLPagerTabStrip\"",
					"-ObjC",
				);
				PRODUCT_BUNDLE_IDENTIFIER = com.FriendsChatting.App;
				PRODUCT_NAME = "$(TARGET_NAME)";
				SWIFT_VERSION = 4.0;
				TARGETED_DEVICE_FAMILY = "1,2";
			};
			name = Release;
		};
/* End XCBuildConfiguration section */

/* Begin XCConfigurationList section */
		BE65F306217609C90011178C /* Build configuration list for PBXProject "Friends" */ = {
			isa = XCConfigurationList;
			buildConfigurations = (
				BE65F331217609CC0011178C /* Debug */,
				BE65F332217609CC0011178C /* Release */,
			);
			defaultConfigurationIsVisible = 0;
			defaultConfigurationName = Release;
		};
		BE65F333217609CC0011178C /* Build configuration list for PBXNativeTarget "Friends" */ = {
			isa = XCConfigurationList;
			buildConfigurations = (
				BE65F334217609CC0011178C /* Debug */,
				BE65F335217609CC0011178C /* Release */,
			);
			defaultConfigurationIsVisible = 0;
			defaultConfigurationName = Release;
		};
/* End XCConfigurationList section */
	};
	rootObject = BE65F303217609C90011178C /* Project object */;
}
